// !$*UTF8*$!
{
	archiveVersion = 1;
	classes = {
	};
	objectVersion = 50;
	objects = {

/* Begin PBXBuildFile section */
		6814D4D8C244BCE0570FC1BD /* Pods_MajimeMapAppUITests.framework in Frameworks */ = {isa = PBXBuildFile; fileRef = E1F45F1B5BF076BDA50BA944 /* Pods_MajimeMapAppUITests.framework */; };
		A4EB70ACD7EA7F1FFA3B4369 /* Pods_MajimeMapAppTests.framework in Frameworks */ = {isa = PBXBuildFile; fileRef = 0EA7C065BAD339CAF987542D /* Pods_MajimeMapAppTests.framework */; };
		F0BAE947C94973164F6E8C6A /* Pods_MajimeMapApp.framework in Frameworks */ = {isa = PBXBuildFile; fileRef = 9DC9737D544EF176C38794F8 /* Pods_MajimeMapApp.framework */; };
		F10B200C2167085B0026EA93 /* UIImage+Gif.swift in Sources */ = {isa = PBXBuildFile; fileRef = F10B200B2167085B0026EA93 /* UIImage+Gif.swift */; };
		F10B200E21670BE60026EA93 /* MapKit.framework in Frameworks */ = {isa = PBXBuildFile; fileRef = F10B200D21670BE60026EA93 /* MapKit.framework */; };
		F11015EE2158C96400CE749A /* Main.storyboard in Resources */ = {isa = PBXBuildFile; fileRef = F11015EC2158C96400CE749A /* Main.storyboard */; };
		F11015F02159515200CE749A /* ThirdViewController.swift in Sources */ = {isa = PBXBuildFile; fileRef = F11015EF2159515200CE749A /* ThirdViewController.swift */; };
		F11016EA21666C1100CE749A /* dambbell2.gif in Resources */ = {isa = PBXBuildFile; fileRef = F11016E921666C1100CE749A /* dambbell2.gif */; };
		F1486B1B2156126E00FD765F /* 1x.jpg in Resources */ = {isa = PBXBuildFile; fileRef = F1486B132156126E00FD765F /* 1x.jpg */; };
		F1486B242156484500FD765F /* SecondViewController.swift in Sources */ = {isa = PBXBuildFile; fileRef = F1486B232156484500FD765F /* SecondViewController.swift */; };
		F1486B272156492900FD765F /* CollectionViewCell.swift in Sources */ = {isa = PBXBuildFile; fileRef = F1486B252156492900FD765F /* CollectionViewCell.swift */; };
		F1486B282156492900FD765F /* CollectionViewCell.xib in Resources */ = {isa = PBXBuildFile; fileRef = F1486B262156492900FD765F /* CollectionViewCell.xib */; };
		F19ACB91216F251A00413BA6 /* bakuten.gif in Resources */ = {isa = PBXBuildFile; fileRef = F19ACB90216F251A00413BA6 /* bakuten.gif */; };
		F19ACB93216F254500413BA6 /* hofuku.gif in Resources */ = {isa = PBXBuildFile; fileRef = F19ACB92216F254500413BA6 /* hofuku.gif */; };
		F19ACB95216F256F00413BA6 /* hulahoop.gif in Resources */ = {isa = PBXBuildFile; fileRef = F19ACB94216F256E00413BA6 /* hulahoop.gif */; };
		F19ACB97216F258D00413BA6 /* jumprope.gif in Resources */ = {isa = PBXBuildFile; fileRef = F19ACB96216F258D00413BA6 /* jumprope.gif */; };
		F19ACB99216F25B200413BA6 /* skateboard.gif in Resources */ = {isa = PBXBuildFile; fileRef = F19ACB98216F25B200413BA6 /* skateboard.gif */; };
		F19ACB9B216F25CC00413BA6 /* unicycle.gif in Resources */ = {isa = PBXBuildFile; fileRef = F19ACB9A216F25CC00413BA6 /* unicycle.gif */; };
		F19ACB9D216F25E900413BA6 /* yonsoku.gif in Resources */ = {isa = PBXBuildFile; fileRef = F19ACB9C216F25E900413BA6 /* yonsoku.gif */; };
		F19ACB9F216F262500413BA6 /* 2x.jpg in Resources */ = {isa = PBXBuildFile; fileRef = F19ACB9E216F262500413BA6 /* 2x.jpg */; };
		F19ACBA1216F265400413BA6 /* 7x.jpg in Resources */ = {isa = PBXBuildFile; fileRef = F19ACBA0216F265400413BA6 /* 7x.jpg */; };
		F19ACBA3216F267A00413BA6 /* 4x.jpg in Resources */ = {isa = PBXBuildFile; fileRef = F19ACBA2216F267A00413BA6 /* 4x.jpg */; };
		F19ACBA5216F26B000413BA6 /* 5x.png in Resources */ = {isa = PBXBuildFile; fileRef = F19ACBA4216F26B000413BA6 /* 5x.png */; };
		F19ACBA7216F26E000413BA6 /* 8x.png in Resources */ = {isa = PBXBuildFile; fileRef = F19ACBA6216F26E000413BA6 /* 8x.png */; };
		F19ACBA9216F270E00413BA6 /* 3x.png in Resources */ = {isa = PBXBuildFile; fileRef = F19ACBA8216F270E00413BA6 /* 3x.png */; };
		F19ACBAB216F273700413BA6 /* 6x.png in Resources */ = {isa = PBXBuildFile; fileRef = F19ACBAA216F273700413BA6 /* 6x.png */; };
		F19ACBAF2176D47C00413BA6 /* AVFoundation.framework in Frameworks */ = {isa = PBXBuildFile; fileRef = F19ACBAE2176D47C00413BA6 /* AVFoundation.framework */; };
		F19ACBC22177726300413BA6 /* test1.mp3 in Resources */ = {isa = PBXBuildFile; fileRef = F19ACBC12177726300413BA6 /* test1.mp3 */; };
		F19ACBC42177753A00413BA6 /* test2.mp3 in Resources */ = {isa = PBXBuildFile; fileRef = F19ACBC32177753900413BA6 /* test2.mp3 */; };
		F19ACBC62177763A00413BA6 /* test3.mp3 in Resources */ = {isa = PBXBuildFile; fileRef = F19ACBC52177763A00413BA6 /* test3.mp3 */; };
		F19ACBC8217776CD00413BA6 /* test4.mp3 in Resources */ = {isa = PBXBuildFile; fileRef = F19ACBC7217776CC00413BA6 /* test4.mp3 */; };
		F19ACBCA2177772100413BA6 /* test5.mp3 in Resources */ = {isa = PBXBuildFile; fileRef = F19ACBC92177772100413BA6 /* test5.mp3 */; };
		F19ACBCC21777C1500413BA6 /* test6.mp3 in Resources */ = {isa = PBXBuildFile; fileRef = F19ACBCB21777C1500413BA6 /* test6.mp3 */; };
		F1B93B012154942400A4B61E /* AppDelegate.swift in Sources */ = {isa = PBXBuildFile; fileRef = F1B93B002154942400A4B61E /* AppDelegate.swift */; };
		F1B93B032154942400A4B61E /* ViewController.swift in Sources */ = {isa = PBXBuildFile; fileRef = F1B93B022154942400A4B61E /* ViewController.swift */; };
		F1B93B082154942500A4B61E /* Assets.xcassets in Resources */ = {isa = PBXBuildFile; fileRef = F1B93B072154942500A4B61E /* Assets.xcassets */; };
		F1B93B0B2154942500A4B61E /* LaunchScreen.storyboard in Resources */ = {isa = PBXBuildFile; fileRef = F1B93B092154942500A4B61E /* LaunchScreen.storyboard */; };
		F1B93B162154942500A4B61E /* MajimeMapAppTests.swift in Sources */ = {isa = PBXBuildFile; fileRef = F1B93B152154942500A4B61E /* MajimeMapAppTests.swift */; };
		F1B93B212154942500A4B61E /* MajimeMapAppUITests.swift in Sources */ = {isa = PBXBuildFile; fileRef = F1B93B202154942500A4B61E /* MajimeMapAppUITests.swift */; };
/* End PBXBuildFile section */

/* Begin PBXContainerItemProxy section */
		F1B93B122154942500A4B61E /* PBXContainerItemProxy */ = {
			isa = PBXContainerItemProxy;
			containerPortal = F1B93AF52154942400A4B61E /* Project object */;
			proxyType = 1;
			remoteGlobalIDString = F1B93AFC2154942400A4B61E;
			remoteInfo = MajimeMapApp;
		};
		F1B93B1D2154942500A4B61E /* PBXContainerItemProxy */ = {
			isa = PBXContainerItemProxy;
			containerPortal = F1B93AF52154942400A4B61E /* Project object */;
			proxyType = 1;
			remoteGlobalIDString = F1B93AFC2154942400A4B61E;
			remoteInfo = MajimeMapApp;
		};
/* End PBXContainerItemProxy section */

/* Begin PBXFileReference section */
		0EA7C065BAD339CAF987542D /* Pods_MajimeMapAppTests.framework */ = {isa = PBXFileReference; explicitFileType = wrapper.framework; includeInIndex = 0; path = Pods_MajimeMapAppTests.framework; sourceTree = BUILT_PRODUCTS_DIR; };
		35BD1AA0036B12A9A8BA48A1 /* Pods-MajimeMapAppTests.release.xcconfig */ = {isa = PBXFileReference; includeInIndex = 1; lastKnownFileType = text.xcconfig; name = "Pods-MajimeMapAppTests.release.xcconfig"; path = "Pods/Target Support Files/Pods-MajimeMapAppTests/Pods-MajimeMapAppTests.release.xcconfig"; sourceTree = "<group>"; };
		3E49C5383E6DF35E47F59A00 /* Pods-MajimeMapApp.release.xcconfig */ = {isa = PBXFileReference; includeInIndex = 1; lastKnownFileType = text.xcconfig; name = "Pods-MajimeMapApp.release.xcconfig"; path = "Pods/Target Support Files/Pods-MajimeMapApp/Pods-MajimeMapApp.release.xcconfig"; sourceTree = "<group>"; };
		7867348182EA2CED4E5CF4F3 /* Pods-MajimeMapAppTests.debug.xcconfig */ = {isa = PBXFileReference; includeInIndex = 1; lastKnownFileType = text.xcconfig; name = "Pods-MajimeMapAppTests.debug.xcconfig"; path = "Pods/Target Support Files/Pods-MajimeMapAppTests/Pods-MajimeMapAppTests.debug.xcconfig"; sourceTree = "<group>"; };
		81308CC8A87B784EB0702695 /* Pods-MajimeMapAppUITests.debug.xcconfig */ = {isa = PBXFileReference; includeInIndex = 1; lastKnownFileType = text.xcconfig; name = "Pods-MajimeMapAppUITests.debug.xcconfig"; path = "Pods/Target Support Files/Pods-MajimeMapAppUITests/Pods-MajimeMapAppUITests.debug.xcconfig"; sourceTree = "<group>"; };
		8AF7E652379EBEAB451FDB69 /* Pods-MajimeMapApp.debug.xcconfig */ = {isa = PBXFileReference; includeInIndex = 1; lastKnownFileType = text.xcconfig; name = "Pods-MajimeMapApp.debug.xcconfig"; path = "Pods/Target Support Files/Pods-MajimeMapApp/Pods-MajimeMapApp.debug.xcconfig"; sourceTree = "<group>"; };
		9DC9737D544EF176C38794F8 /* Pods_MajimeMapApp.framework */ = {isa = PBXFileReference; explicitFileType = wrapper.framework; includeInIndex = 0; path = Pods_MajimeMapApp.framework; sourceTree = BUILT_PRODUCTS_DIR; };
		D6231E2803748DBA67672D40 /* Pods-MajimeMapAppUITests.release.xcconfig */ = {isa = PBXFileReference; includeInIndex = 1; lastKnownFileType = text.xcconfig; name = "Pods-MajimeMapAppUITests.release.xcconfig"; path = "Pods/Target Support Files/Pods-MajimeMapAppUITests/Pods-MajimeMapAppUITests.release.xcconfig"; sourceTree = "<group>"; };
		E1F45F1B5BF076BDA50BA944 /* Pods_MajimeMapAppUITests.framework */ = {isa = PBXFileReference; explicitFileType = wrapper.framework; includeInIndex = 0; path = Pods_MajimeMapAppUITests.framework; sourceTree = BUILT_PRODUCTS_DIR; };
		F10B200B2167085B0026EA93 /* UIImage+Gif.swift */ = {isa = PBXFileReference; lastKnownFileType = sourcecode.swift; path = "UIImage+Gif.swift"; sourceTree = "<group>"; };
		F10B200D21670BE60026EA93 /* MapKit.framework */ = {isa = PBXFileReference; lastKnownFileType = wrapper.framework; name = MapKit.framework; path = System/Library/Frameworks/MapKit.framework; sourceTree = SDKROOT; };
		F11015ED2158C96400CE749A /* Base */ = {isa = PBXFileReference; lastKnownFileType = file.storyboard; name = Base; path = Base.lproj/Main.storyboard; sourceTree = "<group>"; };
		F11015EF2159515200CE749A /* ThirdViewController.swift */ = {isa = PBXFileReference; lastKnownFileType = sourcecode.swift; path = ThirdViewController.swift; sourceTree = "<group>"; };
		F11016E921666C1100CE749A /* dambbell2.gif */ = {isa = PBXFileReference; lastKnownFileType = image.gif; path = dambbell2.gif; sourceTree = "<group>"; };
		F1486B132156126E00FD765F /* 1x.jpg */ = {isa = PBXFileReference; lastKnownFileType = image.jpeg; name = 1x.jpg; path = Assets.xcassets/1x.jpg; sourceTree = "<group>"; };
		F1486B232156484500FD765F /* SecondViewController.swift */ = {isa = PBXFileReference; lastKnownFileType = sourcecode.swift; path = SecondViewController.swift; sourceTree = "<group>"; };
		F1486B252156492900FD765F /* CollectionViewCell.swift */ = {isa = PBXFileReference; lastKnownFileType = sourcecode.swift; path = CollectionViewCell.swift; sourceTree = "<group>"; };
		F1486B262156492900FD765F /* CollectionViewCell.xib */ = {isa = PBXFileReference; lastKnownFileType = file.xib; path = CollectionViewCell.xib; sourceTree = "<group>"; };
		F19ACB90216F251A00413BA6 /* bakuten.gif */ = {isa = PBXFileReference; lastKnownFileType = image.gif; path = bakuten.gif; sourceTree = "<group>"; };
		F19ACB92216F254500413BA6 /* hofuku.gif */ = {isa = PBXFileReference; lastKnownFileType = image.gif; path = hofuku.gif; sourceTree = "<group>"; };
		F19ACB94216F256E00413BA6 /* hulahoop.gif */ = {isa = PBXFileReference; lastKnownFileType = image.gif; path = hulahoop.gif; sourceTree = "<group>"; };
		F19ACB96216F258D00413BA6 /* jumprope.gif */ = {isa = PBXFileReference; lastKnownFileType = image.gif; path = jumprope.gif; sourceTree = "<group>"; };
		F19ACB98216F25B200413BA6 /* skateboard.gif */ = {isa = PBXFileReference; lastKnownFileType = image.gif; path = skateboard.gif; sourceTree = "<group>"; };
		F19ACB9A216F25CC00413BA6 /* unicycle.gif */ = {isa = PBXFileReference; lastKnownFileType = image.gif; path = unicycle.gif; sourceTree = "<group>"; };
		F19ACB9C216F25E900413BA6 /* yonsoku.gif */ = {isa = PBXFileReference; lastKnownFileType = image.gif; path = yonsoku.gif; sourceTree = "<group>"; };
		F19ACB9E216F262500413BA6 /* 2x.jpg */ = {isa = PBXFileReference; lastKnownFileType = image.jpeg; path = 2x.jpg; sourceTree = "<group>"; };
		F19ACBA0216F265400413BA6 /* 7x.jpg */ = {isa = PBXFileReference; lastKnownFileType = image.jpeg; path = 7x.jpg; sourceTree = "<group>"; };
		F19ACBA2216F267A00413BA6 /* 4x.jpg */ = {isa = PBXFileReference; lastKnownFileType = image.jpeg; path = 4x.jpg; sourceTree = "<group>"; };
		F19ACBA4216F26B000413BA6 /* 5x.png */ = {isa = PBXFileReference; lastKnownFileType = image.png; path = 5x.png; sourceTree = "<group>"; };
		F19ACBA6216F26E000413BA6 /* 8x.png */ = {isa = PBXFileReference; lastKnownFileType = image.png; path = 8x.png; sourceTree = "<group>"; };
		F19ACBA8216F270E00413BA6 /* 3x.png */ = {isa = PBXFileReference; lastKnownFileType = image.png; path = 3x.png; sourceTree = "<group>"; };
		F19ACBAA216F273700413BA6 /* 6x.png */ = {isa = PBXFileReference; lastKnownFileType = image.png; path = 6x.png; sourceTree = "<group>"; };
		F19ACBAE2176D47C00413BA6 /* AVFoundation.framework */ = {isa = PBXFileReference; lastKnownFileType = wrapper.framework; name = AVFoundation.framework; path = System/Library/Frameworks/AVFoundation.framework; sourceTree = SDKROOT; };
		F19ACBC12177726300413BA6 /* test1.mp3 */ = {isa = PBXFileReference; lastKnownFileType = audio.mp3; path = test1.mp3; sourceTree = "<group>"; };
		F19ACBC32177753900413BA6 /* test2.mp3 */ = {isa = PBXFileReference; lastKnownFileType = audio.mp3; path = test2.mp3; sourceTree = "<group>"; };
		F19ACBC52177763A00413BA6 /* test3.mp3 */ = {isa = PBXFileReference; lastKnownFileType = audio.mp3; path = test3.mp3; sourceTree = "<group>"; };
		F19ACBC7217776CC00413BA6 /* test4.mp3 */ = {isa = PBXFileReference; lastKnownFileType = audio.mp3; path = test4.mp3; sourceTree = "<group>"; };
		F19ACBC92177772100413BA6 /* test5.mp3 */ = {isa = PBXFileReference; lastKnownFileType = audio.mp3; path = test5.mp3; sourceTree = "<group>"; };
		F19ACBCB21777C1500413BA6 /* test6.mp3 */ = {isa = PBXFileReference; lastKnownFileType = audio.mp3; path = test6.mp3; sourceTree = "<group>"; };
		F1B93AFD2154942400A4B61E /* MajimeMapApp.app */ = {isa = PBXFileReference; explicitFileType = wrapper.application; includeInIndex = 0; path = MajimeMapApp.app; sourceTree = BUILT_PRODUCTS_DIR; };
		F1B93B002154942400A4B61E /* AppDelegate.swift */ = {isa = PBXFileReference; lastKnownFileType = sourcecode.swift; path = AppDelegate.swift; sourceTree = "<group>"; };
		F1B93B022154942400A4B61E /* ViewController.swift */ = {isa = PBXFileReference; lastKnownFileType = sourcecode.swift; path = ViewController.swift; sourceTree = "<group>"; };
		F1B93B072154942500A4B61E /* Assets.xcassets */ = {isa = PBXFileReference; lastKnownFileType = folder.assetcatalog; path = Assets.xcassets; sourceTree = "<group>"; };
		F1B93B0A2154942500A4B61E /* Base */ = {isa = PBXFileReference; lastKnownFileType = file.storyboard; name = Base; path = Base.lproj/LaunchScreen.storyboard; sourceTree = "<group>"; };
		F1B93B0C2154942500A4B61E /* Info.plist */ = {isa = PBXFileReference; lastKnownFileType = text.plist.xml; path = Info.plist; sourceTree = "<group>"; };
		F1B93B112154942500A4B61E /* MajimeMapAppTests.xctest */ = {isa = PBXFileReference; explicitFileType = wrapper.cfbundle; includeInIndex = 0; path = MajimeMapAppTests.xctest; sourceTree = BUILT_PRODUCTS_DIR; };
		F1B93B152154942500A4B61E /* MajimeMapAppTests.swift */ = {isa = PBXFileReference; lastKnownFileType = sourcecode.swift; path = MajimeMapAppTests.swift; sourceTree = "<group>"; };
		F1B93B172154942500A4B61E /* Info.plist */ = {isa = PBXFileReference; lastKnownFileType = text.plist.xml; path = Info.plist; sourceTree = "<group>"; };
		F1B93B1C2154942500A4B61E /* MajimeMapAppUITests.xctest */ = {isa = PBXFileReference; explicitFileType = wrapper.cfbundle; includeInIndex = 0; path = MajimeMapAppUITests.xctest; sourceTree = BUILT_PRODUCTS_DIR; };
		F1B93B202154942500A4B61E /* MajimeMapAppUITests.swift */ = {isa = PBXFileReference; lastKnownFileType = sourcecode.swift; path = MajimeMapAppUITests.swift; sourceTree = "<group>"; };
		F1B93B222154942500A4B61E /* Info.plist */ = {isa = PBXFileReference; lastKnownFileType = text.plist.xml; path = Info.plist; sourceTree = "<group>"; };
/* End PBXFileReference section */

/* Begin PBXFrameworksBuildPhase section */
		F1B93AFA2154942400A4B61E /* Frameworks */ = {
			isa = PBXFrameworksBuildPhase;
			buildActionMask = 2147483647;
			files = (
				F19ACBAF2176D47C00413BA6 /* AVFoundation.framework in Frameworks */,
				F10B200E21670BE60026EA93 /* MapKit.framework in Frameworks */,
				F0BAE947C94973164F6E8C6A /* Pods_MajimeMapApp.framework in Frameworks */,
			);
			runOnlyForDeploymentPostprocessing = 0;
		};
		F1B93B0E2154942500A4B61E /* Frameworks */ = {
			isa = PBXFrameworksBuildPhase;
			buildActionMask = 2147483647;
			files = (
				A4EB70ACD7EA7F1FFA3B4369 /* Pods_MajimeMapAppTests.framework in Frameworks */,
			);
			runOnlyForDeploymentPostprocessing = 0;
		};
		F1B93B192154942500A4B61E /* Frameworks */ = {
			isa = PBXFrameworksBuildPhase;
			buildActionMask = 2147483647;
			files = (
				6814D4D8C244BCE0570FC1BD /* Pods_MajimeMapAppUITests.framework in Frameworks */,
			);
			runOnlyForDeploymentPostprocessing = 0;
		};
/* End PBXFrameworksBuildPhase section */

/* Begin PBXGroup section */
		409757ACE98A8DC774E979D3 /* Pods */ = {
			isa = PBXGroup;
			children = (
				8AF7E652379EBEAB451FDB69 /* Pods-MajimeMapApp.debug.xcconfig */,
				3E49C5383E6DF35E47F59A00 /* Pods-MajimeMapApp.release.xcconfig */,
				7867348182EA2CED4E5CF4F3 /* Pods-MajimeMapAppTests.debug.xcconfig */,
				35BD1AA0036B12A9A8BA48A1 /* Pods-MajimeMapAppTests.release.xcconfig */,
				81308CC8A87B784EB0702695 /* Pods-MajimeMapAppUITests.debug.xcconfig */,
				D6231E2803748DBA67672D40 /* Pods-MajimeMapAppUITests.release.xcconfig */,
			);
			name = Pods;
			sourceTree = "<group>";
		};
		C1B9E853A88CB6CA57F725F1 /* Frameworks */ = {
			isa = PBXGroup;
			children = (
				F19ACBAE2176D47C00413BA6 /* AVFoundation.framework */,
				F10B200D21670BE60026EA93 /* MapKit.framework */,
				9DC9737D544EF176C38794F8 /* Pods_MajimeMapApp.framework */,
				0EA7C065BAD339CAF987542D /* Pods_MajimeMapAppTests.framework */,
				E1F45F1B5BF076BDA50BA944 /* Pods_MajimeMapAppUITests.framework */,
			);
			name = Frameworks;
			sourceTree = "<group>";
		};
		F1B93AF42154942400A4B61E = {
			isa = PBXGroup;
			children = (
				F1B93AFF2154942400A4B61E /* MajimeMapApp */,
				F1B93B142154942500A4B61E /* MajimeMapAppTests */,
				F1B93B1F2154942500A4B61E /* MajimeMapAppUITests */,
				F1B93AFE2154942400A4B61E /* Products */,
				409757ACE98A8DC774E979D3 /* Pods */,
				C1B9E853A88CB6CA57F725F1 /* Frameworks */,
			);
			sourceTree = "<group>";
		};
		F1B93AFE2154942400A4B61E /* Products */ = {
			isa = PBXGroup;
			children = (
				F1B93AFD2154942400A4B61E /* MajimeMapApp.app */,
				F1B93B112154942500A4B61E /* MajimeMapAppTests.xctest */,
				F1B93B1C2154942500A4B61E /* MajimeMapAppUITests.xctest */,
			);
			name = Products;
			sourceTree = "<group>";
		};
		F1B93AFF2154942400A4B61E /* MajimeMapApp */ = {
			isa = PBXGroup;
			children = (
				F1486B132156126E00FD765F /* 1x.jpg */,
				F19ACB9E216F262500413BA6 /* 2x.jpg */,
				F19ACBA8216F270E00413BA6 /* 3x.png */,
				F19ACBA2216F267A00413BA6 /* 4x.jpg */,
				F19ACBA4216F26B000413BA6 /* 5x.png */,
				F19ACBAA216F273700413BA6 /* 6x.png */,
				F19ACBA0216F265400413BA6 /* 7x.jpg */,
				F19ACBA6216F26E000413BA6 /* 8x.png */,
				F11016E921666C1100CE749A /* dambbell2.gif */,
				F19ACB94216F256E00413BA6 /* hulahoop.gif */,
				F19ACB98216F25B200413BA6 /* skateboard.gif */,
				F19ACB92216F254500413BA6 /* hofuku.gif */,
				F19ACB9A216F25CC00413BA6 /* unicycle.gif */,
				F19ACB96216F258D00413BA6 /* jumprope.gif */,
				F19ACB9C216F25E900413BA6 /* yonsoku.gif */,
				F19ACB90216F251A00413BA6 /* bakuten.gif */,
				F19ACBC12177726300413BA6 /* test1.mp3 */,
				F19ACBC32177753900413BA6 /* test2.mp3 */,
				F19ACBC52177763A00413BA6 /* test3.mp3 */,
				F19ACBC7217776CC00413BA6 /* test4.mp3 */,
				F19ACBC92177772100413BA6 /* test5.mp3 */,
				F19ACBCB21777C1500413BA6 /* test6.mp3 */,
				F1B93B002154942400A4B61E /* AppDelegate.swift */,
				F1B93B022154942400A4B61E /* ViewController.swift */,
				F1486B232156484500FD765F /* SecondViewController.swift */,
				F11015EC2158C96400CE749A /* Main.storyboard */,
				F11015EF2159515200CE749A /* ThirdViewController.swift */,
				F1486B252156492900FD765F /* CollectionViewCell.swift */,
				F1486B262156492900FD765F /* CollectionViewCell.xib */,
				F1B93B072154942500A4B61E /* Assets.xcassets */,
				F1B93B092154942500A4B61E /* LaunchScreen.storyboard */,
				F1B93B0C2154942500A4B61E /* Info.plist */,
				F10B200B2167085B0026EA93 /* UIImage+Gif.swift */,
			);
			path = MajimeMapApp;
			sourceTree = "<group>";
		};
		F1B93B142154942500A4B61E /* MajimeMapAppTests */ = {
			isa = PBXGroup;
			children = (
				F1B93B152154942500A4B61E /* MajimeMapAppTests.swift */,
				F1B93B172154942500A4B61E /* Info.plist */,
			);
			path = MajimeMapAppTests;
			sourceTree = "<group>";
		};
		F1B93B1F2154942500A4B61E /* MajimeMapAppUITests */ = {
			isa = PBXGroup;
			children = (
				F1B93B202154942500A4B61E /* MajimeMapAppUITests.swift */,
				F1B93B222154942500A4B61E /* Info.plist */,
			);
			path = MajimeMapAppUITests;
			sourceTree = "<group>";
		};
/* End PBXGroup section */

/* Begin PBXNativeTarget section */
		F1B93AFC2154942400A4B61E /* MajimeMapApp */ = {
			isa = PBXNativeTarget;
			buildConfigurationList = F1B93B252154942500A4B61E /* Build configuration list for PBXNativeTarget "MajimeMapApp" */;
			buildPhases = (
				AE50A74D41A3B9FC2CFAF5F2 /* [CP] Check Pods Manifest.lock */,
				F1B93AF92154942400A4B61E /* Sources */,
				F1B93AFA2154942400A4B61E /* Frameworks */,
				F1B93AFB2154942400A4B61E /* Resources */,
				BB48F92C7ADAAE3174AB6F7F /* [CP] Embed Pods Frameworks */,
			);
			buildRules = (
			);
			dependencies = (
			);
			name = MajimeMapApp;
			productName = MajimeMapApp;
			productReference = F1B93AFD2154942400A4B61E /* MajimeMapApp.app */;
			productType = "com.apple.product-type.application";
		};
		F1B93B102154942500A4B61E /* MajimeMapAppTests */ = {
			isa = PBXNativeTarget;
			buildConfigurationList = F1B93B282154942500A4B61E /* Build configuration list for PBXNativeTarget "MajimeMapAppTests" */;
			buildPhases = (
				D49B405D7C919071D48B99C0 /* [CP] Check Pods Manifest.lock */,
				F1B93B0D2154942500A4B61E /* Sources */,
				F1B93B0E2154942500A4B61E /* Frameworks */,
				F1B93B0F2154942500A4B61E /* Resources */,
			);
			buildRules = (
			);
			dependencies = (
				F1B93B132154942500A4B61E /* PBXTargetDependency */,
			);
			name = MajimeMapAppTests;
			productName = MajimeMapAppTests;
			productReference = F1B93B112154942500A4B61E /* MajimeMapAppTests.xctest */;
			productType = "com.apple.product-type.bundle.unit-test";
		};
		F1B93B1B2154942500A4B61E /* MajimeMapAppUITests */ = {
			isa = PBXNativeTarget;
			buildConfigurationList = F1B93B2B2154942500A4B61E /* Build configuration list for PBXNativeTarget "MajimeMapAppUITests" */;
			buildPhases = (
				AB15AAEC38B4DAF9B3ED8B8C /* [CP] Check Pods Manifest.lock */,
				F1B93B182154942500A4B61E /* Sources */,
				F1B93B192154942500A4B61E /* Frameworks */,
				F1B93B1A2154942500A4B61E /* Resources */,
			);
			buildRules = (
			);
			dependencies = (
				F1B93B1E2154942500A4B61E /* PBXTargetDependency */,
			);
			name = MajimeMapAppUITests;
			productName = MajimeMapAppUITests;
			productReference = F1B93B1C2154942500A4B61E /* MajimeMapAppUITests.xctest */;
			productType = "com.apple.product-type.bundle.ui-testing";
		};
/* End PBXNativeTarget section */

/* Begin PBXProject section */
		F1B93AF52154942400A4B61E /* Project object */ = {
			isa = PBXProject;
			attributes = {
				KnownAssetTags = (
					1,
				);
				LastSwiftUpdateCheck = 1000;
				LastUpgradeCheck = 1000;
				ORGANIZATIONNAME = CaoQian;
				TargetAttributes = {
					F1B93AFC2154942400A4B61E = {
						CreatedOnToolsVersion = 10.0;
						SystemCapabilities = {
							com.apple.Maps.iOS = {
								enabled = 1;
							};
						};
					};
					F1B93B102154942500A4B61E = {
						CreatedOnToolsVersion = 10.0;
						TestTargetID = F1B93AFC2154942400A4B61E;
					};
					F1B93B1B2154942500A4B61E = {
						CreatedOnToolsVersion = 10.0;
						TestTargetID = F1B93AFC2154942400A4B61E;
					};
				};
			};
			buildConfigurationList = F1B93AF82154942400A4B61E /* Build configuration list for PBXProject "MajimeMapApp" */;
			compatibilityVersion = "Xcode 9.3";
			developmentRegion = en;
			hasScannedForEncodings = 0;
			knownRegions = (
				en,
				Base,
			);
			mainGroup = F1B93AF42154942400A4B61E;
			productRefGroup = F1B93AFE2154942400A4B61E /* Products */;
			projectDirPath = "";
			projectRoot = "";
			targets = (
				F1B93AFC2154942400A4B61E /* MajimeMapApp */,
				F1B93B102154942500A4B61E /* MajimeMapAppTests */,
				F1B93B1B2154942500A4B61E /* MajimeMapAppUITests */,
			);
		};
/* End PBXProject section */

/* Begin PBXResourcesBuildPhase section */
		F1B93AFB2154942400A4B61E /* Resources */ = {
			isa = PBXResourcesBuildPhase;
			buildActionMask = 2147483647;
			files = (
				F19ACBA9216F270E00413BA6 /* 3x.png in Resources */,
				F19ACBA1216F265400413BA6 /* 7x.jpg in Resources */,
				F19ACBC22177726300413BA6 /* test1.mp3 in Resources */,
				F1486B282156492900FD765F /* CollectionViewCell.xib in Resources */,
				F19ACB95216F256F00413BA6 /* hulahoop.gif in Resources */,
				F19ACB93216F254500413BA6 /* hofuku.gif in Resources */,
				F19ACBA3216F267A00413BA6 /* 4x.jpg in Resources */,
				F19ACBA7216F26E000413BA6 /* 8x.png in Resources */,
				F11015EE2158C96400CE749A /* Main.storyboard in Resources */,
				F1486B1B2156126E00FD765F /* 1x.jpg in Resources */,
				F19ACB91216F251A00413BA6 /* bakuten.gif in Resources */,
				F19ACBC8217776CD00413BA6 /* test4.mp3 in Resources */,
				F19ACB99216F25B200413BA6 /* skateboard.gif in Resources */,
				F19ACBA5216F26B000413BA6 /* 5x.png in Resources */,
				F1B93B0B2154942500A4B61E /* LaunchScreen.storyboard in Resources */,
				F19ACBCC21777C1500413BA6 /* test6.mp3 in Resources */,
				F11016EA21666C1100CE749A /* dambbell2.gif in Resources */,
				F19ACB97216F258D00413BA6 /* jumprope.gif in Resources */,
				F19ACBAB216F273700413BA6 /* 6x.png in Resources */,
				F19ACBC62177763A00413BA6 /* test3.mp3 in Resources */,
				F1B93B082154942500A4B61E /* Assets.xcassets in Resources */,
				F19ACBCA2177772100413BA6 /* test5.mp3 in Resources */,
				F19ACB9F216F262500413BA6 /* 2x.jpg in Resources */,
				F19ACBC42177753A00413BA6 /* test2.mp3 in Resources */,
				F19ACB9D216F25E900413BA6 /* yonsoku.gif in Resources */,
				F19ACB9B216F25CC00413BA6 /* unicycle.gif in Resources */,
			);
			runOnlyForDeploymentPostprocessing = 0;
		};
		F1B93B0F2154942500A4B61E /* Resources */ = {
			isa = PBXResourcesBuildPhase;
			buildActionMask = 2147483647;
			files = (
			);
			runOnlyForDeploymentPostprocessing = 0;
		};
		F1B93B1A2154942500A4B61E /* Resources */ = {
			isa = PBXResourcesBuildPhase;
			buildActionMask = 2147483647;
			files = (
			);
			runOnlyForDeploymentPostprocessing = 0;
		};
/* End PBXResourcesBuildPhase section */

/* Begin PBXShellScriptBuildPhase section */
		AB15AAEC38B4DAF9B3ED8B8C /* [CP] Check Pods Manifest.lock */ = {
			isa = PBXShellScriptBuildPhase;
			buildActionMask = 2147483647;
			files = (
			);
			inputFileListPaths = (
			);
			inputPaths = (
				"${PODS_PODFILE_DIR_PATH}/Podfile.lock",
				"${PODS_ROOT}/Manifest.lock",
			);
			name = "[CP] Check Pods Manifest.lock";
			outputFileListPaths = (
			);
			outputPaths = (
				"$(DERIVED_FILE_DIR)/Pods-MajimeMapAppUITests-checkManifestLockResult.txt",
			);
			runOnlyForDeploymentPostprocessing = 0;
			shellPath = /bin/sh;
			shellScript = "diff \"${PODS_PODFILE_DIR_PATH}/Podfile.lock\" \"${PODS_ROOT}/Manifest.lock\" > /dev/null\nif [ $? != 0 ] ; then\n    # print error to STDERR\n    echo \"error: The sandbox is not in sync with the Podfile.lock. Run 'pod install' or update your CocoaPods installation.\" >&2\n    exit 1\nfi\n# This output is used by Xcode 'outputs' to avoid re-running this script phase.\necho \"SUCCESS\" > \"${SCRIPT_OUTPUT_FILE_0}\"\n";
			showEnvVarsInLog = 0;
		};
		AE50A74D41A3B9FC2CFAF5F2 /* [CP] Check Pods Manifest.lock */ = {
			isa = PBXShellScriptBuildPhase;
			buildActionMask = 2147483647;
			files = (
			);
			inputFileListPaths = (
			);
			inputPaths = (
				"${PODS_PODFILE_DIR_PATH}/Podfile.lock",
				"${PODS_ROOT}/Manifest.lock",
			);
			name = "[CP] Check Pods Manifest.lock";
			outputFileListPaths = (
			);
			outputPaths = (
				"$(DERIVED_FILE_DIR)/Pods-MajimeMapApp-checkManifestLockResult.txt",
			);
			runOnlyForDeploymentPostprocessing = 0;
			shellPath = /bin/sh;
			shellScript = "diff \"${PODS_PODFILE_DIR_PATH}/Podfile.lock\" \"${PODS_ROOT}/Manifest.lock\" > /dev/null\nif [ $? != 0 ] ; then\n    # print error to STDERR\n    echo \"error: The sandbox is not in sync with the Podfile.lock. Run 'pod install' or update your CocoaPods installation.\" >&2\n    exit 1\nfi\n# This output is used by Xcode 'outputs' to avoid re-running this script phase.\necho \"SUCCESS\" > \"${SCRIPT_OUTPUT_FILE_0}\"\n";
			showEnvVarsInLog = 0;
		};
		BB48F92C7ADAAE3174AB6F7F /* [CP] Embed Pods Frameworks */ = {
			isa = PBXShellScriptBuildPhase;
			buildActionMask = 2147483647;
			files = (
			);
			inputFileListPaths = (
			);
			inputPaths = (
				"${SRCROOT}/Pods/Target Support Files/Pods-MajimeMapApp/Pods-MajimeMapApp-frameworks.sh",
				"${BUILT_PRODUCTS_DIR}/SwiftyGif/SwiftyGif.framework",
			);
			name = "[CP] Embed Pods Frameworks";
			outputFileListPaths = (
			);
			outputPaths = (
				"${TARGET_BUILD_DIR}/${FRAMEWORKS_FOLDER_PATH}/SwiftyGif.framework",
			);
			runOnlyForDeploymentPostprocessing = 0;
			shellPath = /bin/sh;
			shellScript = "\"${SRCROOT}/Pods/Target Support Files/Pods-MajimeMapApp/Pods-MajimeMapApp-frameworks.sh\"\n";
			showEnvVarsInLog = 0;
		};
		D49B405D7C919071D48B99C0 /* [CP] Check Pods Manifest.lock */ = {
			isa = PBXShellScriptBuildPhase;
			buildActionMask = 2147483647;
			files = (
			);
			inputFileListPaths = (
			);
			inputPaths = (
				"${PODS_PODFILE_DIR_PATH}/Podfile.lock",
				"${PODS_ROOT}/Manifest.lock",
			);
			name = "[CP] Check Pods Manifest.lock";
			outputFileListPaths = (
			);
			outputPaths = (
				"$(DERIVED_FILE_DIR)/Pods-MajimeMapAppTests-checkManifestLockResult.txt",
			);
			runOnlyForDeploymentPostprocessing = 0;
			shellPath = /bin/sh;
			shellScript = "diff \"${PODS_PODFILE_DIR_PATH}/Podfile.lock\" \"${PODS_ROOT}/Manifest.lock\" > /dev/null\nif [ $? != 0 ] ; then\n    # print error to STDERR\n    echo \"error: The sandbox is not in sync with the Podfile.lock. Run 'pod install' or update your CocoaPods installation.\" >&2\n    exit 1\nfi\n# This output is used by Xcode 'outputs' to avoid re-running this script phase.\necho \"SUCCESS\" > \"${SCRIPT_OUTPUT_FILE_0}\"\n";
			showEnvVarsInLog = 0;
		};
/* End PBXShellScriptBuildPhase section */

/* Begin PBXSourcesBuildPhase section */
		F1B93AF92154942400A4B61E /* Sources */ = {
			isa = PBXSourcesBuildPhase;
			buildActionMask = 2147483647;
			files = (
				F10B200C2167085B0026EA93 /* UIImage+Gif.swift in Sources */,
				F1486B242156484500FD765F /* SecondViewController.swift in Sources */,
				F1B93B032154942400A4B61E /* ViewController.swift in Sources */,
				F11015F02159515200CE749A /* ThirdViewController.swift in Sources */,
				F1486B272156492900FD765F /* CollectionViewCell.swift in Sources */,
				F1B93B012154942400A4B61E /* AppDelegate.swift in Sources */,
			);
			runOnlyForDeploymentPostprocessing = 0;
		};
		F1B93B0D2154942500A4B61E /* Sources */ = {
			isa = PBXSourcesBuildPhase;
			buildActionMask = 2147483647;
			files = (
				F1B93B162154942500A4B61E /* MajimeMapAppTests.swift in Sources */,
			);
			runOnlyForDeploymentPostprocessing = 0;
		};
		F1B93B182154942500A4B61E /* Sources */ = {
			isa = PBXSourcesBuildPhase;
			buildActionMask = 2147483647;
			files = (
				F1B93B212154942500A4B61E /* MajimeMapAppUITests.swift in Sources */,
			);
			runOnlyForDeploymentPostprocessing = 0;
		};
/* End PBXSourcesBuildPhase section */

/* Begin PBXTargetDependency section */
		F1B93B132154942500A4B61E /* PBXTargetDependency */ = {
			isa = PBXTargetDependency;
			target = F1B93AFC2154942400A4B61E /* MajimeMapApp */;
			targetProxy = F1B93B122154942500A4B61E /* PBXContainerItemProxy */;
		};
		F1B93B1E2154942500A4B61E /* PBXTargetDependency */ = {
			isa = PBXTargetDependency;
			target = F1B93AFC2154942400A4B61E /* MajimeMapApp */;
			targetProxy = F1B93B1D2154942500A4B61E /* PBXContainerItemProxy */;
		};
/* End PBXTargetDependency section */

/* Begin PBXVariantGroup section */
		F11015EC2158C96400CE749A /* Main.storyboard */ = {
			isa = PBXVariantGroup;
			children = (
				F11015ED2158C96400CE749A /* Base */,
			);
			name = Main.storyboard;
			sourceTree = "<group>";
		};
		F1B93B092154942500A4B61E /* LaunchScreen.storyboard */ = {
			isa = PBXVariantGroup;
			children = (
				F1B93B0A2154942500A4B61E /* Base */,
			);
			name = LaunchScreen.storyboard;
			sourceTree = "<group>";
		};
/* End PBXVariantGroup section */

/* Begin XCBuildConfiguration section */
		F1B93B232154942500A4B61E /* Debug */ = {
			isa = XCBuildConfiguration;
			buildSettings = {
				ALWAYS_SEARCH_USER_PATHS = NO;
				CLANG_ANALYZER_NONNULL = YES;
				CLANG_ANALYZER_NUMBER_OBJECT_CONVERSION = YES_AGGRESSIVE;
				CLANG_CXX_LANGUAGE_STANDARD = "gnu++14";
				CLANG_CXX_LIBRARY = "libc++";
				CLANG_ENABLE_MODULES = YES;
				CLANG_ENABLE_OBJC_ARC = YES;
				CLANG_ENABLE_OBJC_WEAK = YES;
				CLANG_WARN_BLOCK_CAPTURE_AUTORELEASING = YES;
				CLANG_WARN_BOOL_CONVERSION = YES;
				CLANG_WARN_COMMA = YES;
				CLANG_WARN_CONSTANT_CONVERSION = YES;
				CLANG_WARN_DEPRECATED_OBJC_IMPLEMENTATIONS = YES;
				CLANG_WARN_DIRECT_OBJC_ISA_USAGE = YES_ERROR;
				CLANG_WARN_DOCUMENTATION_COMMENTS = YES;
				CLANG_WARN_EMPTY_BODY = YES;
				CLANG_WARN_ENUM_CONVERSION = YES;
				CLANG_WARN_INFINITE_RECURSION = YES;
				CLANG_WARN_INT_CONVERSION = YES;
				CLANG_WARN_NON_LITERAL_NULL_CONVERSION = YES;
				CLANG_WARN_OBJC_IMPLICIT_RETAIN_SELF = YES;
				CLANG_WARN_OBJC_LITERAL_CONVERSION = YES;
				CLANG_WARN_OBJC_ROOT_CLASS = YES_ERROR;
				CLANG_WARN_RANGE_LOOP_ANALYSIS = YES;
				CLANG_WARN_STRICT_PROTOTYPES = YES;
				CLANG_WARN_SUSPICIOUS_MOVE = YES;
				CLANG_WARN_UNGUARDED_AVAILABILITY = YES_AGGRESSIVE;
				CLANG_WARN_UNREACHABLE_CODE = YES;
				CLANG_WARN__DUPLICATE_METHOD_MATCH = YES;
				CODE_SIGN_IDENTITY = "iPhone Developer";
				COPY_PHASE_STRIP = NO;
				DEBUG_INFORMATION_FORMAT = dwarf;
				ENABLE_STRICT_OBJC_MSGSEND = YES;
				ENABLE_TESTABILITY = YES;
				GCC_C_LANGUAGE_STANDARD = gnu11;
				GCC_DYNAMIC_NO_PIC = NO;
				GCC_NO_COMMON_BLOCKS = YES;
				GCC_OPTIMIZATION_LEVEL = 0;
				GCC_PREPROCESSOR_DEFINITIONS = (
					"DEBUG=1",
					"$(inherited)",
				);
				GCC_WARN_64_TO_32_BIT_CONVERSION = YES;
				GCC_WARN_ABOUT_RETURN_TYPE = YES_ERROR;
				GCC_WARN_UNDECLARED_SELECTOR = YES;
				GCC_WARN_UNINITIALIZED_AUTOS = YES_AGGRESSIVE;
				GCC_WARN_UNUSED_FUNCTION = YES;
				GCC_WARN_UNUSED_VARIABLE = YES;
				IPHONEOS_DEPLOYMENT_TARGET = 12.0;
				MTL_ENABLE_DEBUG_INFO = INCLUDE_SOURCE;
				MTL_FAST_MATH = YES;
				ONLY_ACTIVE_ARCH = YES;
				SDKROOT = iphoneos;
				SWIFT_ACTIVE_COMPILATION_CONDITIONS = DEBUG;
				SWIFT_OPTIMIZATION_LEVEL = "-Onone";
			};
			name = Debug;
		};
		F1B93B242154942500A4B61E /* Release */ = {
			isa = XCBuildConfiguration;
			buildSettings = {
				ALWAYS_SEARCH_USER_PATHS = NO;
				CLANG_ANALYZER_NONNULL = YES;
				CLANG_ANALYZER_NUMBER_OBJECT_CONVERSION = YES_AGGRESSIVE;
				CLANG_CXX_LANGUAGE_STANDARD = "gnu++14";
				CLANG_CXX_LIBRARY = "libc++";
				CLANG_ENABLE_MODULES = YES;
				CLANG_ENABLE_OBJC_ARC = YES;
				CLANG_ENABLE_OBJC_WEAK = YES;
				CLANG_WARN_BLOCK_CAPTURE_AUTORELEASING = YES;
				CLANG_WARN_BOOL_CONVERSION = YES;
				CLANG_WARN_COMMA = YES;
				CLANG_WARN_CONSTANT_CONVERSION = YES;
				CLANG_WARN_DEPRECATED_OBJC_IMPLEMENTATIONS = YES;
				CLANG_WARN_DIRECT_OBJC_ISA_USAGE = YES_ERROR;
				CLANG_WARN_DOCUMENTATION_COMMENTS = YES;
				CLANG_WARN_EMPTY_BODY = YES;
				CLANG_WARN_ENUM_CONVERSION = YES;
				CLANG_WARN_INFINITE_RECURSION = YES;
				CLANG_WARN_INT_CONVERSION = YES;
				CLANG_WARN_NON_LITERAL_NULL_CONVERSION = YES;
				CLANG_WARN_OBJC_IMPLICIT_RETAIN_SELF = YES;
				CLANG_WARN_OBJC_LITERAL_CONVERSION = YES;
				CLANG_WARN_OBJC_ROOT_CLASS = YES_ERROR;
				CLANG_WARN_RANGE_LOOP_ANALYSIS = YES;
				CLANG_WARN_STRICT_PROTOTYPES = YES;
				CLANG_WARN_SUSPICIOUS_MOVE = YES;
				CLANG_WARN_UNGUARDED_AVAILABILITY = YES_AGGRESSIVE;
				CLANG_WARN_UNREACHABLE_CODE = YES;
				CLANG_WARN__DUPLICATE_METHOD_MATCH = YES;
				CODE_SIGN_IDENTITY = "iPhone Developer";
				COPY_PHASE_STRIP = NO;
				DEBUG_INFORMATION_FORMAT = "dwarf-with-dsym";
				ENABLE_NS_ASSERTIONS = NO;
				ENABLE_STRICT_OBJC_MSGSEND = YES;
				GCC_C_LANGUAGE_STANDARD = gnu11;
				GCC_NO_COMMON_BLOCKS = YES;
				GCC_WARN_64_TO_32_BIT_CONVERSION = YES;
				GCC_WARN_ABOUT_RETURN_TYPE = YES_ERROR;
				GCC_WARN_UNDECLARED_SELECTOR = YES;
				GCC_WARN_UNINITIALIZED_AUTOS = YES_AGGRESSIVE;
				GCC_WARN_UNUSED_FUNCTION = YES;
				GCC_WARN_UNUSED_VARIABLE = YES;
				IPHONEOS_DEPLOYMENT_TARGET = 12.0;
				MTL_ENABLE_DEBUG_INFO = NO;
				MTL_FAST_MATH = YES;
				SDKROOT = iphoneos;
				SWIFT_COMPILATION_MODE = wholemodule;
				SWIFT_OPTIMIZATION_LEVEL = "-O";
				VALIDATE_PRODUCT = YES;
			};
			name = Release;
		};
		F1B93B262154942500A4B61E /* Debug */ = {
			isa = XCBuildConfiguration;
			baseConfigurationReference = 8AF7E652379EBEAB451FDB69 /* Pods-MajimeMapApp.debug.xcconfig */;
			buildSettings = {
				ASSETCATALOG_COMPILER_APPICON_NAME = AppIcon;
				CODE_SIGN_STYLE = Automatic;
				DEVELOPMENT_TEAM = LTF785SAJV;
				INFOPLIST_FILE = MajimeMapApp/Info.plist;
				LD_RUNPATH_SEARCH_PATHS = (
					"$(inherited)",
					"@executable_path/Frameworks",
				);
				PRODUCT_BUNDLE_IDENTIFIER = "com.icloud-afewgoodken.MajimeMapApp";
				PRODUCT_NAME = "$(TARGET_NAME)";
				SWIFT_VERSION = 4.2;
				TARGETED_DEVICE_FAMILY = "1,2";
			};
			name = Debug;
		};
		F1B93B272154942500A4B61E /* Release */ = {
			isa = XCBuildConfiguration;
			baseConfigurationReference = 3E49C5383E6DF35E47F59A00 /* Pods-MajimeMapApp.release.xcconfig */;
			buildSettings = {
				ASSETCATALOG_COMPILER_APPICON_NAME = AppIcon;
				CODE_SIGN_STYLE = Automatic;
				DEVELOPMENT_TEAM = LTF785SAJV;
				INFOPLIST_FILE = MajimeMapApp/Info.plist;
				LD_RUNPATH_SEARCH_PATHS = (
					"$(inherited)",
					"@executable_path/Frameworks",
				);
				PRODUCT_BUNDLE_IDENTIFIER = "com.icloud-afewgoodken.MajimeMapApp";
				PRODUCT_NAME = "$(TARGET_NAME)";
				SWIFT_VERSION = 4.2;
				TARGETED_DEVICE_FAMILY = "1,2";
			};
			name = Release;
		};
		F1B93B292154942500A4B61E /* Debug */ = {
			isa = XCBuildConfiguration;
			baseConfigurationReference = 7867348182EA2CED4E5CF4F3 /* Pods-MajimeMapAppTests.debug.xcconfig */;
			buildSettings = {
				ALWAYS_EMBED_SWIFT_STANDARD_LIBRARIES = YES;
				BUNDLE_LOADER = "$(TEST_HOST)";
				CODE_SIGN_STYLE = Automatic;
				DEVELOPMENT_TEAM = LTF785SAJV;
				INFOPLIST_FILE = MajimeMapAppTests/Info.plist;
				LD_RUNPATH_SEARCH_PATHS = (
					"$(inherited)",
					"@executable_path/Frameworks",
					"@loader_path/Frameworks",
				);
				PRODUCT_BUNDLE_IDENTIFIER = "com.icloud-afewgoodken.MajimeMapAppTests";
				PRODUCT_NAME = "$(TARGET_NAME)";
				SWIFT_VERSION = 4.2;
				TARGETED_DEVICE_FAMILY = "1,2";
				TEST_HOST = "$(BUILT_PRODUCTS_DIR)/MajimeMapApp.app/MajimeMapApp";
			};
			name = Debug;
		};
		F1B93B2A2154942500A4B61E /* Release */ = {
			isa = XCBuildConfiguration;
			baseConfigurationReference = 35BD1AA0036B12A9A8BA48A1 /* Pods-MajimeMapAppTests.release.xcconfig */;
			buildSettings = {
				ALWAYS_EMBED_SWIFT_STANDARD_LIBRARIES = YES;
				BUNDLE_LOADER = "$(TEST_HOST)";
				CODE_SIGN_STYLE = Automatic;
				DEVELOPMENT_TEAM = LTF785SAJV;
				INFOPLIST_FILE = MajimeMapAppTests/Info.plist;
				LD_RUNPATH_SEARCH_PATHS = (
					"$(inherited)",
					"@executable_path/Frameworks",
					"@loader_path/Frameworks",
				);
				PRODUCT_BUNDLE_IDENTIFIER = "com.icloud-afewgoodken.MajimeMapAppTests";
				PRODUCT_NAME = "$(TARGET_NAME)";
				SWIFT_VERSION = 4.2;
				TARGETED_DEVICE_FAMILY = "1,2";
				TEST_HOST = "$(BUILT_PRODUCTS_DIR)/MajimeMapApp.app/MajimeMapApp";
			};
			name = Release;
		};
		F1B93B2C2154942500A4B61E /* Debug */ = {
			isa = XCBuildConfiguration;
			baseConfigurationReference = 81308CC8A87B784EB0702695 /* Pods-MajimeMapAppUITests.debug.xcconfig */;
			buildSettings = {
				ALWAYS_EMBED_SWIFT_STANDARD_LIBRARIES = YES;
				CODE_SIGN_STYLE = Automatic;
				DEVELOPMENT_TEAM = LTF785SAJV;
				INFOPLIST_FILE = MajimeMapAppUITests/Info.plist;
				LD_RUNPATH_SEARCH_PATHS = (
					"$(inherited)",
					"@executable_path/Frameworks",
					"@loader_path/Frameworks",
				);
				PRODUCT_BUNDLE_IDENTIFIER = "com.icloud-afewgoodken.MajimeMapAppUITests";
				PRODUCT_NAME = "$(TARGET_NAME)";
				SWIFT_VERSION = 4.2;
				TARGETED_DEVICE_FAMILY = "1,2";
				TEST_TARGET_NAME = MajimeMapApp;
			};
			name = Debug;
		};
		F1B93B2D2154942500A4B61E /* Release */ = {
			isa = XCBuildConfiguration;
			baseConfigurationReference = D6231E2803748DBA67672D40 /* Pods-MajimeMapAppUITests.release.xcconfig */;
			buildSettings = {
				ALWAYS_EMBED_SWIFT_STANDARD_LIBRARIES = YES;
				CODE_SIGN_STYLE = Automatic;
				DEVELOPMENT_TEAM = LTF785SAJV;
				INFOPLIST_FILE = MajimeMapAppUITests/Info.plist;
				LD_RUNPATH_SEARCH_PATHS = (
					"$(inherited)",
					"@executable_path/Frameworks",
					"@loader_path/Frameworks",
				);
				PRODUCT_BUNDLE_IDENTIFIER = "com.icloud-afewgoodken.MajimeMapAppUITests";
				PRODUCT_NAME = "$(TARGET_NAME)";
				SWIFT_VERSION = 4.2;
				TARGETED_DEVICE_FAMILY = "1,2";
				TEST_TARGET_NAME = MajimeMapApp;
			};
			name = Release;
		};
/* End XCBuildConfiguration section */

/* Begin XCConfigurationList section */
		F1B93AF82154942400A4B61E /* Build configuration list for PBXProject "MajimeMapApp" */ = {
			isa = XCConfigurationList;
			buildConfigurations = (
				F1B93B232154942500A4B61E /* Debug */,
				F1B93B242154942500A4B61E /* Release */,
			);
			defaultConfigurationIsVisible = 0;
			defaultConfigurationName = Release;
		};
		F1B93B252154942500A4B61E /* Build configuration list for PBXNativeTarget "MajimeMapApp" */ = {
			isa = XCConfigurationList;
			buildConfigurations = (
				F1B93B262154942500A4B61E /* Debug */,
				F1B93B272154942500A4B61E /* Release */,
			);
			defaultConfigurationIsVisible = 0;
			defaultConfigurationName = Release;
		};
		F1B93B282154942500A4B61E /* Build configuration list for PBXNativeTarget "MajimeMapAppTests" */ = {
			isa = XCConfigurationList;
			buildConfigurations = (
				F1B93B292154942500A4B61E /* Debug */,
				F1B93B2A2154942500A4B61E /* Release */,
			);
			defaultConfigurationIsVisible = 0;
			defaultConfigurationName = Release;
		};
		F1B93B2B2154942500A4B61E /* Build configuration list for PBXNativeTarget "MajimeMapAppUITests" */ = {
			isa = XCConfigurationList;
			buildConfigurations = (
				F1B93B2C2154942500A4B61E /* Debug */,
				F1B93B2D2154942500A4B61E /* Release */,
			);
			defaultConfigurationIsVisible = 0;
			defaultConfigurationName = Release;
		};
/* End XCConfigurationList section */
	};
	rootObject = F1B93AF52154942400A4B61E /* Project object */;
}
